// !$*UTF8*$!
{
	archiveVersion = 1;
	classes = {
	};
	objectVersion = 46;
	objects = {

/* Begin PBXBuildFile section */
		180E0C7D1921BEFB00399554 /* SearchListViewController.m in Sources */ = {isa = PBXBuildFile; fileRef = 180E0C7C1921BEFB00399554 /* SearchListViewController.m */; };
		180E0C821921E23000399554 /* pic1.png in Resources */ = {isa = PBXBuildFile; fileRef = 180E0C811921E23000399554 /* pic1.png */; };
		180FBCA51924809C00AFD3AC /* TSPointAnnotation.m in Sources */ = {isa = PBXBuildFile; fileRef = 180FBCA41924809C00AFD3AC /* TSPointAnnotation.m */; };
		182359081925AFC700C644E3 /* camera60.png in Resources */ = {isa = PBXBuildFile; fileRef = 182359051925AFC700C644E3 /* camera60.png */; };
		182359091925AFC700C644E3 /* return30.png in Resources */ = {isa = PBXBuildFile; fileRef = 182359061925AFC700C644E3 /* return30.png */; };
		1823590A1925AFC700C644E3 /* return60.png in Resources */ = {isa = PBXBuildFile; fileRef = 182359071925AFC700C644E3 /* return60.png */; };
		189D4AEB191D4AA200498178 /* libsqlite3.dylib in Frameworks */ = {isa = PBXBuildFile; fileRef = 189D4AEA191D4AA200498178 /* libsqlite3.dylib */; };
		189D4AF6191E105000498178 /* libsqlite3.0.dylib in Frameworks */ = {isa = PBXBuildFile; fileRef = 189D4AF5191E105000498178 /* libsqlite3.0.dylib */; };
		189D4B02191E122500498178 /* FMDatabase.m in Sources */ = {isa = PBXBuildFile; fileRef = 189D4AF8191E122500498178 /* FMDatabase.m */; };
		189D4B03191E122500498178 /* FMDatabaseAdditions.m in Sources */ = {isa = PBXBuildFile; fileRef = 189D4AFA191E122500498178 /* FMDatabaseAdditions.m */; };
		189D4B04191E122500498178 /* FMDatabasePool.m in Sources */ = {isa = PBXBuildFile; fileRef = 189D4AFC191E122500498178 /* FMDatabasePool.m */; };
		189D4B05191E122500498178 /* FMDatabaseQueue.m in Sources */ = {isa = PBXBuildFile; fileRef = 189D4AFE191E122500498178 /* FMDatabaseQueue.m */; };
		189D4B06191E122500498178 /* FMResultSet.m in Sources */ = {isa = PBXBuildFile; fileRef = 189D4B01191E122500498178 /* FMResultSet.m */; };
		189D4B09191F7AFA00498178 /* TSDataBase.m in Sources */ = {isa = PBXBuildFile; fileRef = 189D4B08191F7AFA00498178 /* TSDataBase.m */; };
		189D4B0C191F9C8F00498178 /* WantsToGoListViewController.m in Sources */ = {isa = PBXBuildFile; fileRef = 189D4B0B191F9C8F00498178 /* WantsToGoListViewController.m */; };
		189D4B0E191FBA8900498178 /* CoreLocation.framework in Frameworks */ = {isa = PBXBuildFile; fileRef = 189D4B0D191FBA8800498178 /* CoreLocation.framework */; };
		189D4B11191FBAA600498178 /* Weather.m in Sources */ = {isa = PBXBuildFile; fileRef = 189D4B10191FBAA600498178 /* Weather.m */; };
		18F4B7B71924A3F700F4C8BB /* subtitle2.png in Resources */ = {isa = PBXBuildFile; fileRef = 18F4B7B61924A3F700F4C8BB /* subtitle2.png */; };
		18F4B7B91924A41F00F4C8BB /* subtitle1.png in Resources */ = {isa = PBXBuildFile; fileRef = 18F4B7B81924A41F00F4C8BB /* subtitle1.png */; };
		18F4B7BB1924A42D00F4C8BB /* kinari_img140514103609.jpg in Resources */ = {isa = PBXBuildFile; fileRef = 18F4B7BA1924A42D00F4C8BB /* kinari_img140514103609.jpg */; };
		18F4B7BD1924A43A00F4C8BB /* bright_img140514103609.jpg in Resources */ = {isa = PBXBuildFile; fileRef = 18F4B7BC1924A43A00F4C8BB /* bright_img140514103609.jpg */; };
		18F4B7BF1924A45B00F4C8BB /* icon_1r_192.png in Resources */ = {isa = PBXBuildFile; fileRef = 18F4B7BE1924A45B00F4C8BB /* icon_1r_192.png */; };
		87522D3C19208F5600334492 /* free-textures-japanese-style-06.jpg in Resources */ = {isa = PBXBuildFile; fileRef = 87522D3B19208F5600334492 /* free-textures-japanese-style-06.jpg */; };
		87522D3E1920E88900334492 /* camera.png in Resources */ = {isa = PBXBuildFile; fileRef = 87522D3D1920E88900334492 /* camera.png */; };
		87AC9663191CF98300C69813 /* Foundation.framework in Frameworks */ = {isa = PBXBuildFile; fileRef = 87AC9662191CF98300C69813 /* Foundation.framework */; };
		87AC9665191CF98300C69813 /* CoreGraphics.framework in Frameworks */ = {isa = PBXBuildFile; fileRef = 87AC9664191CF98300C69813 /* CoreGraphics.framework */; };
		87AC9667191CF98300C69813 /* UIKit.framework in Frameworks */ = {isa = PBXBuildFile; fileRef = 87AC9666191CF98300C69813 /* UIKit.framework */; };
		87AC966D191CF98400C69813 /* InfoPlist.strings in Resources */ = {isa = PBXBuildFile; fileRef = 87AC966B191CF98400C69813 /* InfoPlist.strings */; };
		87AC966F191CF98400C69813 /* main.m in Sources */ = {isa = PBXBuildFile; fileRef = 87AC966E191CF98400C69813 /* main.m */; };
		87AC9673191CF98400C69813 /* AppDelegate.m in Sources */ = {isa = PBXBuildFile; fileRef = 87AC9672191CF98400C69813 /* AppDelegate.m */; };
		87AC9676191CF98400C69813 /* Main.storyboard in Resources */ = {isa = PBXBuildFile; fileRef = 87AC9674191CF98400C69813 /* Main.storyboard */; };
		87AC9679191CF98400C69813 /* ViewController.m in Sources */ = {isa = PBXBuildFile; fileRef = 87AC9678191CF98400C69813 /* ViewController.m */; };
		87AC967B191CF98400C69813 /* Images.xcassets in Resources */ = {isa = PBXBuildFile; fileRef = 87AC967A191CF98400C69813 /* Images.xcassets */; };
		87AC9682191CF98400C69813 /* XCTest.framework in Frameworks */ = {isa = PBXBuildFile; fileRef = 87AC9681191CF98400C69813 /* XCTest.framework */; };
		87AC9683191CF98400C69813 /* Foundation.framework in Frameworks */ = {isa = PBXBuildFile; fileRef = 87AC9662191CF98300C69813 /* Foundation.framework */; };
		87AC9684191CF98400C69813 /* UIKit.framework in Frameworks */ = {isa = PBXBuildFile; fileRef = 87AC9666191CF98300C69813 /* UIKit.framework */; };
		87AC968C191CF98400C69813 /* InfoPlist.strings in Resources */ = {isa = PBXBuildFile; fileRef = 87AC968A191CF98400C69813 /* InfoPlist.strings */; };
		87AC968E191CF98400C69813 /* TripShotTests.m in Sources */ = {isa = PBXBuildFile; fileRef = 87AC968D191CF98400C69813 /* TripShotTests.m */; };
		87CB77D91921B49700F2AFDC /* CameraViewController.m in Sources */ = {isa = PBXBuildFile; fileRef = 87CB77D81921B49700F2AFDC /* CameraViewController.m */; };
		87CB77E21922FECA00F2AFDC /* IndividualAlbumViewController.m in Sources */ = {isa = PBXBuildFile; fileRef = 87CB77E11922FECA00F2AFDC /* IndividualAlbumViewController.m */; };
		F62A87F019208E7D001BBDDB /* image1.jpg in Resources */ = {isa = PBXBuildFile; fileRef = F62A87EF19208E7D001BBDDB /* image1.jpg */; };
		F62A87F219208E83001BBDDB /* image2.jpg in Resources */ = {isa = PBXBuildFile; fileRef = F62A87F119208E83001BBDDB /* image2.jpg */; };
		F62A87F419208E8B001BBDDB /* image3.jpg in Resources */ = {isa = PBXBuildFile; fileRef = F62A87F319208E8B001BBDDB /* image3.jpg */; };
		F62A87F619208E93001BBDDB /* image4.jpg in Resources */ = {isa = PBXBuildFile; fileRef = F62A87F519208E93001BBDDB /* image4.jpg */; };
		F62A87F9192097FF001BBDDB /* CustomAnnotation.m in Sources */ = {isa = PBXBuildFile; fileRef = F62A87F8192097FF001BBDDB /* CustomAnnotation.m */; };
		F66BEDBE19206029000E60E8 /* MapKit.framework in Frameworks */ = {isa = PBXBuildFile; fileRef = F66BEDBD19206029000E60E8 /* MapKit.framework */; };
		F66BEDC119206F92000E60E8 /* AlbumViewController.m in Sources */ = {isa = PBXBuildFile; fileRef = F66BEDC019206F92000E60E8 /* AlbumViewController.m */; };
		F66BEDC419206FF7000E60E8 /* CollectionCell.m in Sources */ = {isa = PBXBuildFile; fileRef = F66BEDC319206FF7000E60E8 /* CollectionCell.m */; };
		F6DBF6C51925B97A00EE822F /* AudioToolbox.framework in Frameworks */ = {isa = PBXBuildFile; fileRef = F6DBF6C41925B97A00EE822F /* AudioToolbox.framework */; };
/* End PBXBuildFile section */

/* Begin PBXContainerItemProxy section */
		87AC9685191CF98400C69813 /* PBXContainerItemProxy */ = {
			isa = PBXContainerItemProxy;
			containerPortal = 87AC9657191CF98300C69813 /* Project object */;
			proxyType = 1;
			remoteGlobalIDString = 87AC965E191CF98300C69813;
			remoteInfo = TripShot;
		};
/* End PBXContainerItemProxy section */

/* Begin PBXFileReference section */
		180E0C7B1921BEFB00399554 /* SearchListViewController.h */ = {isa = PBXFileReference; fileEncoding = 4; lastKnownFileType = sourcecode.c.h; path = SearchListViewController.h; sourceTree = "<group>"; };
		180E0C7C1921BEFB00399554 /* SearchListViewController.m */ = {isa = PBXFileReference; fileEncoding = 4; lastKnownFileType = sourcecode.c.objc; path = SearchListViewController.m; sourceTree = "<group>"; };
		180E0C811921E23000399554 /* pic1.png */ = {isa = PBXFileReference; lastKnownFileType = image.png; path = pic1.png; sourceTree = "<group>"; };
		180FBCA31924809C00AFD3AC /* TSPointAnnotation.h */ = {isa = PBXFileReference; fileEncoding = 4; lastKnownFileType = sourcecode.c.h; name = TSPointAnnotation.h; path = ../TSPointAnnotation.h; sourceTree = "<group>"; };
		180FBCA41924809C00AFD3AC /* TSPointAnnotation.m */ = {isa = PBXFileReference; fileEncoding = 4; lastKnownFileType = sourcecode.c.objc; name = TSPointAnnotation.m; path = ../TSPointAnnotation.m; sourceTree = "<group>"; };
		182359051925AFC700C644E3 /* camera60.png */ = {isa = PBXFileReference; lastKnownFileType = image.png; name = camera60.png; path = "アイコンデザイン/camera60.png"; sourceTree = "<group>"; };
		182359061925AFC700C644E3 /* return30.png */ = {isa = PBXFileReference; lastKnownFileType = image.png; name = return30.png; path = "アイコンデザイン/return30.png"; sourceTree = "<group>"; };
		182359071925AFC700C644E3 /* return60.png */ = {isa = PBXFileReference; lastKnownFileType = image.png; name = return60.png; path = "アイコンデザイン/return60.png"; sourceTree = "<group>"; };
		189D4AEA191D4AA200498178 /* libsqlite3.dylib */ = {isa = PBXFileReference; lastKnownFileType = "compiled.mach-o.dylib"; name = libsqlite3.dylib; path = usr/lib/libsqlite3.dylib; sourceTree = SDKROOT; };
		189D4AF5191E105000498178 /* libsqlite3.0.dylib */ = {isa = PBXFileReference; lastKnownFileType = "compiled.mach-o.dylib"; name = libsqlite3.0.dylib; path = usr/lib/libsqlite3.0.dylib; sourceTree = SDKROOT; };
		189D4AF7191E122500498178 /* FMDatabase.h */ = {isa = PBXFileReference; fileEncoding = 4; lastKnownFileType = sourcecode.c.h; path = FMDatabase.h; sourceTree = "<group>"; };
		189D4AF8191E122500498178 /* FMDatabase.m */ = {isa = PBXFileReference; fileEncoding = 4; lastKnownFileType = sourcecode.c.objc; path = FMDatabase.m; sourceTree = "<group>"; };
		189D4AF9191E122500498178 /* FMDatabaseAdditions.h */ = {isa = PBXFileReference; fileEncoding = 4; lastKnownFileType = sourcecode.c.h; path = FMDatabaseAdditions.h; sourceTree = "<group>"; };
		189D4AFA191E122500498178 /* FMDatabaseAdditions.m */ = {isa = PBXFileReference; fileEncoding = 4; lastKnownFileType = sourcecode.c.objc; path = FMDatabaseAdditions.m; sourceTree = "<group>"; };
		189D4AFB191E122500498178 /* FMDatabasePool.h */ = {isa = PBXFileReference; fileEncoding = 4; lastKnownFileType = sourcecode.c.h; path = FMDatabasePool.h; sourceTree = "<group>"; };
		189D4AFC191E122500498178 /* FMDatabasePool.m */ = {isa = PBXFileReference; fileEncoding = 4; lastKnownFileType = sourcecode.c.objc; path = FMDatabasePool.m; sourceTree = "<group>"; };
		189D4AFD191E122500498178 /* FMDatabaseQueue.h */ = {isa = PBXFileReference; fileEncoding = 4; lastKnownFileType = sourcecode.c.h; path = FMDatabaseQueue.h; sourceTree = "<group>"; };
		189D4AFE191E122500498178 /* FMDatabaseQueue.m */ = {isa = PBXFileReference; fileEncoding = 4; lastKnownFileType = sourcecode.c.objc; path = FMDatabaseQueue.m; sourceTree = "<group>"; };
		189D4AFF191E122500498178 /* FMDB.h */ = {isa = PBXFileReference; fileEncoding = 4; lastKnownFileType = sourcecode.c.h; path = FMDB.h; sourceTree = "<group>"; };
		189D4B00191E122500498178 /* FMResultSet.h */ = {isa = PBXFileReference; fileEncoding = 4; lastKnownFileType = sourcecode.c.h; path = FMResultSet.h; sourceTree = "<group>"; };
		189D4B01191E122500498178 /* FMResultSet.m */ = {isa = PBXFileReference; fileEncoding = 4; lastKnownFileType = sourcecode.c.objc; path = FMResultSet.m; sourceTree = "<group>"; };
		189D4B07191F7AFA00498178 /* TSDataBase.h */ = {isa = PBXFileReference; fileEncoding = 4; lastKnownFileType = sourcecode.c.h; path = TSDataBase.h; sourceTree = "<group>"; };
		189D4B08191F7AFA00498178 /* TSDataBase.m */ = {isa = PBXFileReference; fileEncoding = 4; lastKnownFileType = sourcecode.c.objc; path = TSDataBase.m; sourceTree = "<group>"; };
		189D4B0A191F9C8F00498178 /* WantsToGoListViewController.h */ = {isa = PBXFileReference; fileEncoding = 4; lastKnownFileType = sourcecode.c.h; path = WantsToGoListViewController.h; sourceTree = "<group>"; };
		189D4B0B191F9C8F00498178 /* WantsToGoListViewController.m */ = {isa = PBXFileReference; fileEncoding = 4; lastKnownFileType = sourcecode.c.objc; path = WantsToGoListViewController.m; sourceTree = "<group>"; };
		189D4B0D191FBA8800498178 /* CoreLocation.framework */ = {isa = PBXFileReference; lastKnownFileType = wrapper.framework; name = CoreLocation.framework; path = System/Library/Frameworks/CoreLocation.framework; sourceTree = SDKROOT; };
		189D4B0F191FBAA600498178 /* Weather.h */ = {isa = PBXFileReference; fileEncoding = 4; lastKnownFileType = sourcecode.c.h; name = Weather.h; path = ../Weather.h; sourceTree = "<group>"; };
		189D4B10191FBAA600498178 /* Weather.m */ = {isa = PBXFileReference; fileEncoding = 4; lastKnownFileType = sourcecode.c.objc; name = Weather.m; path = ../Weather.m; sourceTree = "<group>"; };
		18F4B7B61924A3F700F4C8BB /* subtitle2.png */ = {isa = PBXFileReference; lastKnownFileType = image.png; path = subtitle2.png; sourceTree = "<group>"; };
		18F4B7B81924A41F00F4C8BB /* subtitle1.png */ = {isa = PBXFileReference; lastKnownFileType = image.png; path = subtitle1.png; sourceTree = "<group>"; };
		18F4B7BA1924A42D00F4C8BB /* kinari_img140514103609.jpg */ = {isa = PBXFileReference; lastKnownFileType = image.jpeg; path = kinari_img140514103609.jpg; sourceTree = "<group>"; };
		18F4B7BC1924A43A00F4C8BB /* bright_img140514103609.jpg */ = {isa = PBXFileReference; lastKnownFileType = image.jpeg; path = bright_img140514103609.jpg; sourceTree = "<group>"; };
		18F4B7BE1924A45B00F4C8BB /* icon_1r_192.png */ = {isa = PBXFileReference; lastKnownFileType = image.png; path = icon_1r_192.png; sourceTree = "<group>"; };
		87522D3B19208F5600334492 /* free-textures-japanese-style-06.jpg */ = {isa = PBXFileReference; lastKnownFileType = image.jpeg; path = "free-textures-japanese-style-06.jpg"; sourceTree = "<group>"; };
		87522D3D1920E88900334492 /* camera.png */ = {isa = PBXFileReference; lastKnownFileType = image.png; path = camera.png; sourceTree = "<group>"; };
		87AC965F191CF98300C69813 /* TripShot.app */ = {isa = PBXFileReference; explicitFileType = wrapper.application; includeInIndex = 0; path = TripShot.app; sourceTree = BUILT_PRODUCTS_DIR; };
		87AC9662191CF98300C69813 /* Foundation.framework */ = {isa = PBXFileReference; lastKnownFileType = wrapper.framework; name = Foundation.framework; path = System/Library/Frameworks/Foundation.framework; sourceTree = SDKROOT; };
		87AC9664191CF98300C69813 /* CoreGraphics.framework */ = {isa = PBXFileReference; lastKnownFileType = wrapper.framework; name = CoreGraphics.framework; path = System/Library/Frameworks/CoreGraphics.framework; sourceTree = SDKROOT; };
		87AC9666191CF98300C69813 /* UIKit.framework */ = {isa = PBXFileReference; lastKnownFileType = wrapper.framework; name = UIKit.framework; path = System/Library/Frameworks/UIKit.framework; sourceTree = SDKROOT; };
		87AC966A191CF98300C69813 /* TripShot-Info.plist */ = {isa = PBXFileReference; lastKnownFileType = text.plist.xml; path = "TripShot-Info.plist"; sourceTree = "<group>"; };
		87AC966C191CF98400C69813 /* en */ = {isa = PBXFileReference; lastKnownFileType = text.plist.strings; name = en; path = en.lproj/InfoPlist.strings; sourceTree = "<group>"; };
		87AC966E191CF98400C69813 /* main.m */ = {isa = PBXFileReference; lastKnownFileType = sourcecode.c.objc; path = main.m; sourceTree = "<group>"; };
		87AC9670191CF98400C69813 /* TripShot-Prefix.pch */ = {isa = PBXFileReference; lastKnownFileType = sourcecode.c.h; path = "TripShot-Prefix.pch"; sourceTree = "<group>"; };
		87AC9671191CF98400C69813 /* AppDelegate.h */ = {isa = PBXFileReference; lastKnownFileType = sourcecode.c.h; path = AppDelegate.h; sourceTree = "<group>"; };
		87AC9672191CF98400C69813 /* AppDelegate.m */ = {isa = PBXFileReference; lastKnownFileType = sourcecode.c.objc; path = AppDelegate.m; sourceTree = "<group>"; };
		87AC9675191CF98400C69813 /* Base */ = {isa = PBXFileReference; lastKnownFileType = file.storyboard; name = Base; path = Base.lproj/Main.storyboard; sourceTree = "<group>"; };
		87AC9677191CF98400C69813 /* ViewController.h */ = {isa = PBXFileReference; lastKnownFileType = sourcecode.c.h; path = ViewController.h; sourceTree = "<group>"; };
		87AC9678191CF98400C69813 /* ViewController.m */ = {isa = PBXFileReference; lastKnownFileType = sourcecode.c.objc; path = ViewController.m; sourceTree = "<group>"; };
		87AC967A191CF98400C69813 /* Images.xcassets */ = {isa = PBXFileReference; lastKnownFileType = folder.assetcatalog; path = Images.xcassets; sourceTree = "<group>"; };
		87AC9680191CF98400C69813 /* TripShotTests.xctest */ = {isa = PBXFileReference; explicitFileType = wrapper.cfbundle; includeInIndex = 0; path = TripShotTests.xctest; sourceTree = BUILT_PRODUCTS_DIR; };
		87AC9681191CF98400C69813 /* XCTest.framework */ = {isa = PBXFileReference; lastKnownFileType = wrapper.framework; name = XCTest.framework; path = Library/Frameworks/XCTest.framework; sourceTree = DEVELOPER_DIR; };
		87AC9689191CF98400C69813 /* TripShotTests-Info.plist */ = {isa = PBXFileReference; lastKnownFileType = text.plist.xml; path = "TripShotTests-Info.plist"; sourceTree = "<group>"; };
		87AC968B191CF98400C69813 /* en */ = {isa = PBXFileReference; lastKnownFileType = text.plist.strings; name = en; path = en.lproj/InfoPlist.strings; sourceTree = "<group>"; };
		87AC968D191CF98400C69813 /* TripShotTests.m */ = {isa = PBXFileReference; lastKnownFileType = sourcecode.c.objc; path = TripShotTests.m; sourceTree = "<group>"; };
		87CB77D71921B49700F2AFDC /* CameraViewController.h */ = {isa = PBXFileReference; fileEncoding = 4; lastKnownFileType = sourcecode.c.h; path = CameraViewController.h; sourceTree = "<group>"; };
		87CB77D81921B49700F2AFDC /* CameraViewController.m */ = {isa = PBXFileReference; fileEncoding = 4; lastKnownFileType = sourcecode.c.objc; path = CameraViewController.m; sourceTree = "<group>"; };
		87CB77E01922FECA00F2AFDC /* IndividualAlbumViewController.h */ = {isa = PBXFileReference; fileEncoding = 4; lastKnownFileType = sourcecode.c.h; path = IndividualAlbumViewController.h; sourceTree = "<group>"; };
		87CB77E11922FECA00F2AFDC /* IndividualAlbumViewController.m */ = {isa = PBXFileReference; fileEncoding = 4; lastKnownFileType = sourcecode.c.objc; path = IndividualAlbumViewController.m; sourceTree = "<group>"; };
		F62A87EF19208E7D001BBDDB /* image1.jpg */ = {isa = PBXFileReference; lastKnownFileType = image.jpeg; path = image1.jpg; sourceTree = "<group>"; };
		F62A87F119208E83001BBDDB /* image2.jpg */ = {isa = PBXFileReference; lastKnownFileType = image.jpeg; path = image2.jpg; sourceTree = "<group>"; };
		F62A87F319208E8B001BBDDB /* image3.jpg */ = {isa = PBXFileReference; lastKnownFileType = image.jpeg; path = image3.jpg; sourceTree = "<group>"; };
		F62A87F519208E93001BBDDB /* image4.jpg */ = {isa = PBXFileReference; lastKnownFileType = image.jpeg; path = image4.jpg; sourceTree = "<group>"; };
		F62A87F7192097FF001BBDDB /* CustomAnnotation.h */ = {isa = PBXFileReference; fileEncoding = 4; lastKnownFileType = sourcecode.c.h; path = CustomAnnotation.h; sourceTree = "<group>"; };
		F62A87F8192097FF001BBDDB /* CustomAnnotation.m */ = {isa = PBXFileReference; fileEncoding = 4; lastKnownFileType = sourcecode.c.objc; path = CustomAnnotation.m; sourceTree = "<group>"; };
		F66BEDBD19206029000E60E8 /* MapKit.framework */ = {isa = PBXFileReference; lastKnownFileType = wrapper.framework; name = MapKit.framework; path = System/Library/Frameworks/MapKit.framework; sourceTree = SDKROOT; };
		F66BEDBF19206F92000E60E8 /* AlbumViewController.h */ = {isa = PBXFileReference; fileEncoding = 4; lastKnownFileType = sourcecode.c.h; path = AlbumViewController.h; sourceTree = "<group>"; };
		F66BEDC019206F92000E60E8 /* AlbumViewController.m */ = {isa = PBXFileReference; fileEncoding = 4; lastKnownFileType = sourcecode.c.objc; path = AlbumViewController.m; sourceTree = "<group>"; };
		F66BEDC219206FF7000E60E8 /* CollectionCell.h */ = {isa = PBXFileReference; fileEncoding = 4; lastKnownFileType = sourcecode.c.h; path = CollectionCell.h; sourceTree = "<group>"; };
		F66BEDC319206FF7000E60E8 /* CollectionCell.m */ = {isa = PBXFileReference; fileEncoding = 4; lastKnownFileType = sourcecode.c.objc; path = CollectionCell.m; sourceTree = "<group>"; };
		F6DBF6C41925B97A00EE822F /* AudioToolbox.framework */ = {isa = PBXFileReference; lastKnownFileType = wrapper.framework; name = AudioToolbox.framework; path = System/Library/Frameworks/AudioToolbox.framework; sourceTree = SDKROOT; };
/* End PBXFileReference section */

/* Begin PBXFrameworksBuildPhase section */
		87AC965C191CF98300C69813 /* Frameworks */ = {
			isa = PBXFrameworksBuildPhase;
			buildActionMask = 2147483647;
			files = (
				F6DBF6C51925B97A00EE822F /* AudioToolbox.framework in Frameworks */,
				F66BEDBE19206029000E60E8 /* MapKit.framework in Frameworks */,
				189D4B0E191FBA8900498178 /* CoreLocation.framework in Frameworks */,
				189D4AF6191E105000498178 /* libsqlite3.0.dylib in Frameworks */,
				189D4AEB191D4AA200498178 /* libsqlite3.dylib in Frameworks */,
				87AC9665191CF98300C69813 /* CoreGraphics.framework in Frameworks */,
				87AC9667191CF98300C69813 /* UIKit.framework in Frameworks */,
				87AC9663191CF98300C69813 /* Foundation.framework in Frameworks */,
			);
			runOnlyForDeploymentPostprocessing = 0;
		};
		87AC967D191CF98400C69813 /* Frameworks */ = {
			isa = PBXFrameworksBuildPhase;
			buildActionMask = 2147483647;
			files = (
				87AC9682191CF98400C69813 /* XCTest.framework in Frameworks */,
				87AC9684191CF98400C69813 /* UIKit.framework in Frameworks */,
				87AC9683191CF98400C69813 /* Foundation.framework in Frameworks */,
			);
			runOnlyForDeploymentPostprocessing = 0;
		};
/* End PBXFrameworksBuildPhase section */

/* Begin PBXGroup section */
		180E0C831921E92900399554 /* temppics */ = {
			isa = PBXGroup;
			children = (
				F62A87EF19208E7D001BBDDB /* image1.jpg */,
				F62A87F119208E83001BBDDB /* image2.jpg */,
				F62A87F319208E8B001BBDDB /* image3.jpg */,
				F62A87F519208E93001BBDDB /* image4.jpg */,
				180E0C811921E23000399554 /* pic1.png */,
			);
			name = temppics;
			sourceTree = "<group>";
		};
		180FBC9F192410A600AFD3AC /* notUseFIles */ = {
			isa = PBXGroup;
			children = (
				F62A87F7192097FF001BBDDB /* CustomAnnotation.h */,
				F62A87F8192097FF001BBDDB /* CustomAnnotation.m */,
				180FBCA31924809C00AFD3AC /* TSPointAnnotation.h */,
				180FBCA41924809C00AFD3AC /* TSPointAnnotation.m */,
				189D4B0F191FBAA600498178 /* Weather.h */,
				189D4B10191FBAA600498178 /* Weather.m */,
				189D4B0A191F9C8F00498178 /* WantsToGoListViewController.h */,
				189D4B0B191F9C8F00498178 /* WantsToGoListViewController.m */,
			);
			name = notUseFIles;
			sourceTree = "<group>";
		};
		189D4AF1191D537F00498178 /* DataBaseFolder */ = {
			isa = PBXGroup;
			children = (
				189D4AF7191E122500498178 /* FMDatabase.h */,
				189D4AF8191E122500498178 /* FMDatabase.m */,
				189D4AF9191E122500498178 /* FMDatabaseAdditions.h */,
				189D4AFA191E122500498178 /* FMDatabaseAdditions.m */,
				189D4AFB191E122500498178 /* FMDatabasePool.h */,
				189D4AFC191E122500498178 /* FMDatabasePool.m */,
				189D4AFD191E122500498178 /* FMDatabaseQueue.h */,
				189D4AFE191E122500498178 /* FMDatabaseQueue.m */,
				189D4AFF191E122500498178 /* FMDB.h */,
				189D4B00191E122500498178 /* FMResultSet.h */,
				189D4B01191E122500498178 /* FMResultSet.m */,
				189D4B07191F7AFA00498178 /* TSDataBase.h */,
				189D4B08191F7AFA00498178 /* TSDataBase.m */,
			);
			name = DataBaseFolder;
			sourceTree = "<group>";
		};
		87522D3A19208F4A00334492 /* pics */ = {
			isa = PBXGroup;
			children = (
				182359051925AFC700C644E3 /* camera60.png */,
				182359061925AFC700C644E3 /* return30.png */,
				182359071925AFC700C644E3 /* return60.png */,
				18F4B7BE1924A45B00F4C8BB /* icon_1r_192.png */,
				18F4B7B61924A3F700F4C8BB /* subtitle2.png */,
				18F4B7B81924A41F00F4C8BB /* subtitle1.png */,
				18F4B7BA1924A42D00F4C8BB /* kinari_img140514103609.jpg */,
				18F4B7BC1924A43A00F4C8BB /* bright_img140514103609.jpg */,
				87522D3D1920E88900334492 /* camera.png */,
				87522D3B19208F5600334492 /* free-textures-japanese-style-06.jpg */,
			);
			name = pics;
			sourceTree = "<group>";
		};
		87AC9656191CF98300C69813 = {
			isa = PBXGroup;
			children = (
				87AC9668191CF98300C69813 /* TripShot */,
				87AC9687191CF98400C69813 /* TripShotTests */,
				87AC9661191CF98300C69813 /* Frameworks */,
				87AC9660191CF98300C69813 /* Products */,
			);
			sourceTree = "<group>";
		};
		87AC9660191CF98300C69813 /* Products */ = {
			isa = PBXGroup;
			children = (
				87AC965F191CF98300C69813 /* TripShot.app */,
				87AC9680191CF98400C69813 /* TripShotTests.xctest */,
			);
			name = Products;
			sourceTree = "<group>";
		};
		87AC9661191CF98300C69813 /* Frameworks */ = {
			isa = PBXGroup;
			children = (
				F6DBF6C41925B97A00EE822F /* AudioToolbox.framework */,
				F66BEDBD19206029000E60E8 /* MapKit.framework */,
				189D4B0D191FBA8800498178 /* CoreLocation.framework */,
				189D4AF5191E105000498178 /* libsqlite3.0.dylib */,
				189D4AEA191D4AA200498178 /* libsqlite3.dylib */,
				87AC9662191CF98300C69813 /* Foundation.framework */,
				87AC9664191CF98300C69813 /* CoreGraphics.framework */,
				87AC9666191CF98300C69813 /* UIKit.framework */,
				87AC9681191CF98400C69813 /* XCTest.framework */,
			);
			name = Frameworks;
			sourceTree = "<group>";
		};
		87AC9668191CF98300C69813 /* TripShot */ = {
			isa = PBXGroup;
			children = (
				87522D3A19208F4A00334492 /* pics */,
				87AC9671191CF98400C69813 /* AppDelegate.h */,
				87AC9672191CF98400C69813 /* AppDelegate.m */,
				87AC9674191CF98400C69813 /* Main.storyboard */,
				87AC9677191CF98400C69813 /* ViewController.h */,
				87AC9678191CF98400C69813 /* ViewController.m */,
				180E0C7B1921BEFB00399554 /* SearchListViewController.h */,
				180E0C7C1921BEFB00399554 /* SearchListViewController.m */,
				F66BEDC219206FF7000E60E8 /* CollectionCell.h */,
				F66BEDC319206FF7000E60E8 /* CollectionCell.m */,
				87CB77D71921B49700F2AFDC /* CameraViewController.h */,
				87CB77D81921B49700F2AFDC /* CameraViewController.m */,
				F66BEDBF19206F92000E60E8 /* AlbumViewController.h */,
				F66BEDC019206F92000E60E8 /* AlbumViewController.m */,
				87CB77E01922FECA00F2AFDC /* IndividualAlbumViewController.h */,
				87CB77E11922FECA00F2AFDC /* IndividualAlbumViewController.m */,
				189D4AF1191D537F00498178 /* DataBaseFolder */,
				180FBC9F192410A600AFD3AC /* notUseFIles */,
				180E0C831921E92900399554 /* temppics */,
				87AC967A191CF98400C69813 /* Images.xcassets */,
				87AC9669191CF98300C69813 /* Supporting Files */,
			);
			path = TripShot;
			sourceTree = "<group>";
		};
		87AC9669191CF98300C69813 /* Supporting Files */ = {
			isa = PBXGroup;
			children = (
				87AC966A191CF98300C69813 /* TripShot-Info.plist */,
				87AC966B191CF98400C69813 /* InfoPlist.strings */,
				87AC966E191CF98400C69813 /* main.m */,
				87AC9670191CF98400C69813 /* TripShot-Prefix.pch */,
			);
			name = "Supporting Files";
			sourceTree = "<group>";
		};
		87AC9687191CF98400C69813 /* TripShotTests */ = {
			isa = PBXGroup;
			children = (
				87AC968D191CF98400C69813 /* TripShotTests.m */,
				87AC9688191CF98400C69813 /* Supporting Files */,
			);
			path = TripShotTests;
			sourceTree = "<group>";
		};
		87AC9688191CF98400C69813 /* Supporting Files */ = {
			isa = PBXGroup;
			children = (
				87AC9689191CF98400C69813 /* TripShotTests-Info.plist */,
				87AC968A191CF98400C69813 /* InfoPlist.strings */,
			);
			name = "Supporting Files";
			sourceTree = "<group>";
		};
/* End PBXGroup section */

/* Begin PBXNativeTarget section */
		87AC965E191CF98300C69813 /* TripShot */ = {
			isa = PBXNativeTarget;
			buildConfigurationList = 87AC9691191CF98400C69813 /* Build configuration list for PBXNativeTarget "TripShot" */;
			buildPhases = (
				87AC965B191CF98300C69813 /* Sources */,
				87AC965C191CF98300C69813 /* Frameworks */,
				87AC965D191CF98300C69813 /* Resources */,
			);
			buildRules = (
			);
			dependencies = (
			);
			name = TripShot;
			productName = TripShot;
			productReference = 87AC965F191CF98300C69813 /* TripShot.app */;
			productType = "com.apple.product-type.application";
		};
		87AC967F191CF98400C69813 /* TripShotTests */ = {
			isa = PBXNativeTarget;
			buildConfigurationList = 87AC9694191CF98400C69813 /* Build configuration list for PBXNativeTarget "TripShotTests" */;
			buildPhases = (
				87AC967C191CF98400C69813 /* Sources */,
				87AC967D191CF98400C69813 /* Frameworks */,
				87AC967E191CF98400C69813 /* Resources */,
			);
			buildRules = (
			);
			dependencies = (
				87AC9686191CF98400C69813 /* PBXTargetDependency */,
			);
			name = TripShotTests;
			productName = TripShotTests;
			productReference = 87AC9680191CF98400C69813 /* TripShotTests.xctest */;
			productType = "com.apple.product-type.bundle.unit-test";
		};
/* End PBXNativeTarget section */

/* Begin PBXProject section */
		87AC9657191CF98300C69813 /* Project object */ = {
			isa = PBXProject;
			attributes = {
				LastUpgradeCheck = 0510;
				ORGANIZATIONNAME = bizan.com.mac02;
				TargetAttributes = {
					87AC965E191CF98300C69813 = {
						DevelopmentTeam = F6V5S453ZH;
						SystemCapabilities = {
							com.apple.BackgroundModes = {
								enabled = 1;
							};
						};
					};
					87AC967F191CF98400C69813 = {
						TestTargetID = 87AC965E191CF98300C69813;
					};
				};
			};
			buildConfigurationList = 87AC965A191CF98300C69813 /* Build configuration list for PBXProject "TripShot" */;
			compatibilityVersion = "Xcode 3.2";
			developmentRegion = English;
			hasScannedForEncodings = 0;
			knownRegions = (
				en,
				Base,
			);
			mainGroup = 87AC9656191CF98300C69813;
			productRefGroup = 87AC9660191CF98300C69813 /* Products */;
			projectDirPath = "";
			projectRoot = "";
			targets = (
				87AC965E191CF98300C69813 /* TripShot */,
				87AC967F191CF98400C69813 /* TripShotTests */,
			);
		};
/* End PBXProject section */

/* Begin PBXResourcesBuildPhase section */
		87AC965D191CF98300C69813 /* Resources */ = {
			isa = PBXResourcesBuildPhase;
			buildActionMask = 2147483647;
			files = (
				87AC967B191CF98400C69813 /* Images.xcassets in Resources */,
				18F4B7BB1924A42D00F4C8BB /* kinari_img140514103609.jpg in Resources */,
				18F4B7BF1924A45B00F4C8BB /* icon_1r_192.png in Resources */,
				18F4B7B71924A3F700F4C8BB /* subtitle2.png in Resources */,
				180E0C821921E23000399554 /* pic1.png in Resources */,
				182359091925AFC700C644E3 /* return30.png in Resources */,
				F62A87F219208E83001BBDDB /* image2.jpg in Resources */,
				1823590A1925AFC700C644E3 /* return60.png in Resources */,
				F62A87F019208E7D001BBDDB /* image1.jpg in Resources */,
				F62A87F419208E8B001BBDDB /* image3.jpg in Resources */,
				F62A87F619208E93001BBDDB /* image4.jpg in Resources */,
				87AC966D191CF98400C69813 /* InfoPlist.strings in Resources */,
				87522D3C19208F5600334492 /* free-textures-japanese-style-06.jpg in Resources */,
				87AC9676191CF98400C69813 /* Main.storyboard in Resources */,
				18F4B7BD1924A43A00F4C8BB /* bright_img140514103609.jpg in Resources */,
				87522D3E1920E88900334492 /* camera.png in Resources */,
				182359081925AFC700C644E3 /* camera60.png in Resources */,
				18F4B7B91924A41F00F4C8BB /* subtitle1.png in Resources */,
			);
			runOnlyForDeploymentPostprocessing = 0;
		};
		87AC967E191CF98400C69813 /* Resources */ = {
			isa = PBXResourcesBuildPhase;
			buildActionMask = 2147483647;
			files = (
				87AC968C191CF98400C69813 /* InfoPlist.strings in Resources */,
			);
			runOnlyForDeploymentPostprocessing = 0;
		};
/* End PBXResourcesBuildPhase section */

/* Begin PBXSourcesBuildPhase section */
		87AC965B191CF98300C69813 /* Sources */ = {
			isa = PBXSourcesBuildPhase;
			buildActionMask = 2147483647;
			files = (
				180FBCA51924809C00AFD3AC /* TSPointAnnotation.m in Sources */,
				87CB77D91921B49700F2AFDC /* CameraViewController.m in Sources */,
				189D4B11191FBAA600498178 /* Weather.m in Sources */,
				87AC9679191CF98400C69813 /* ViewController.m in Sources */,
				87CB77E21922FECA00F2AFDC /* IndividualAlbumViewController.m in Sources */,
				189D4B05191E122500498178 /* FMDatabaseQueue.m in Sources */,
				87AC9673191CF98400C69813 /* AppDelegate.m in Sources */,
				189D4B02191E122500498178 /* FMDatabase.m in Sources */,
				180E0C7D1921BEFB00399554 /* SearchListViewController.m in Sources */,
				F62A87F9192097FF001BBDDB /* CustomAnnotation.m in Sources */,
				189D4B04191E122500498178 /* FMDatabasePool.m in Sources */,
				189D4B06191E122500498178 /* FMResultSet.m in Sources */,
				189D4B09191F7AFA00498178 /* TSDataBase.m in Sources */,
				F66BEDC119206F92000E60E8 /* AlbumViewController.m in Sources */,
				189D4B0C191F9C8F00498178 /* WantsToGoListViewController.m in Sources */,
				87AC966F191CF98400C69813 /* main.m in Sources */,
				F66BEDC419206FF7000E60E8 /* CollectionCell.m in Sources */,
				189D4B03191E122500498178 /* FMDatabaseAdditions.m in Sources */,
			);
			runOnlyForDeploymentPostprocessing = 0;
		};
		87AC967C191CF98400C69813 /* Sources */ = {
			isa = PBXSourcesBuildPhase;
			buildActionMask = 2147483647;
			files = (
				87AC968E191CF98400C69813 /* TripShotTests.m in Sources */,
			);
			runOnlyForDeploymentPostprocessing = 0;
		};
/* End PBXSourcesBuildPhase section */

/* Begin PBXTargetDependency section */
		87AC9686191CF98400C69813 /* PBXTargetDependency */ = {
			isa = PBXTargetDependency;
			target = 87AC965E191CF98300C69813 /* TripShot */;
			targetProxy = 87AC9685191CF98400C69813 /* PBXContainerItemProxy */;
		};
/* End PBXTargetDependency section */

/* Begin PBXVariantGroup section */
		87AC966B191CF98400C69813 /* InfoPlist.strings */ = {
			isa = PBXVariantGroup;
			children = (
				87AC966C191CF98400C69813 /* en */,
			);
			name = InfoPlist.strings;
			sourceTree = "<group>";
		};
		87AC9674191CF98400C69813 /* Main.storyboard */ = {
			isa = PBXVariantGroup;
			children = (
				87AC9675191CF98400C69813 /* Base */,
			);
			name = Main.storyboard;
			sourceTree = "<group>";
		};
		87AC968A191CF98400C69813 /* InfoPlist.strings */ = {
			isa = PBXVariantGroup;
			children = (
				87AC968B191CF98400C69813 /* en */,
			);
			name = InfoPlist.strings;
			sourceTree = "<group>";
		};
/* End PBXVariantGroup section */

/* Begin XCBuildConfiguration section */
		87AC968F191CF98400C69813 /* Debug */ = {
			isa = XCBuildConfiguration;
			buildSettings = {
				ALWAYS_SEARCH_USER_PATHS = NO;
				CLANG_CXX_LANGUAGE_STANDARD = "gnu++0x";
				CLANG_CXX_LIBRARY = "libc++";
				CLANG_ENABLE_MODULES = YES;
				CLANG_ENABLE_OBJC_ARC = YES;
				CLANG_WARN_BOOL_CONVERSION = YES;
				CLANG_WARN_CONSTANT_CONVERSION = YES;
				CLANG_WARN_DIRECT_OBJC_ISA_USAGE = YES_ERROR;
				CLANG_WARN_EMPTY_BODY = YES;
				CLANG_WARN_ENUM_CONVERSION = YES;
				CLANG_WARN_INT_CONVERSION = YES;
				CLANG_WARN_OBJC_ROOT_CLASS = YES_ERROR;
				CLANG_WARN__DUPLICATE_METHOD_MATCH = YES;
				"CODE_SIGN_IDENTITY[sdk=iphoneos*]" = "iPhone Developer";
				COPY_PHASE_STRIP = NO;
				GCC_C_LANGUAGE_STANDARD = gnu99;
				GCC_DYNAMIC_NO_PIC = NO;
				GCC_OPTIMIZATION_LEVEL = 0;
				GCC_PREPROCESSOR_DEFINITIONS = (
					"DEBUG=1",
					"$(inherited)",
				);
				GCC_SYMBOLS_PRIVATE_EXTERN = NO;
				GCC_WARN_64_TO_32_BIT_CONVERSION = YES;
				GCC_WARN_ABOUT_RETURN_TYPE = YES_ERROR;
				GCC_WARN_UNDECLARED_SELECTOR = YES;
				GCC_WARN_UNINITIALIZED_AUTOS = YES_AGGRESSIVE;
				GCC_WARN_UNUSED_FUNCTION = YES;
				GCC_WARN_UNUSED_VARIABLE = YES;
				IPHONEOS_DEPLOYMENT_TARGET = 7.1;
				ONLY_ACTIVE_ARCH = YES;
				SDKROOT = iphoneos;
			};
			name = Debug;
		};
		87AC9690191CF98400C69813 /* Release */ = {
			isa = XCBuildConfiguration;
			buildSettings = {
				ALWAYS_SEARCH_USER_PATHS = NO;
				CLANG_CXX_LANGUAGE_STANDARD = "gnu++0x";
				CLANG_CXX_LIBRARY = "libc++";
				CLANG_ENABLE_MODULES = YES;
				CLANG_ENABLE_OBJC_ARC = YES;
				CLANG_WARN_BOOL_CONVERSION = YES;
				CLANG_WARN_CONSTANT_CONVERSION = YES;
				CLANG_WARN_DIRECT_OBJC_ISA_USAGE = YES_ERROR;
				CLANG_WARN_EMPTY_BODY = YES;
				CLANG_WARN_ENUM_CONVERSION = YES;
				CLANG_WARN_INT_CONVERSION = YES;
				CLANG_WARN_OBJC_ROOT_CLASS = YES_ERROR;
				CLANG_WARN__DUPLICATE_METHOD_MATCH = YES;
				"CODE_SIGN_IDENTITY[sdk=iphoneos*]" = "iPhone Developer";
				COPY_PHASE_STRIP = YES;
				ENABLE_NS_ASSERTIONS = NO;
				GCC_C_LANGUAGE_STANDARD = gnu99;
				GCC_WARN_64_TO_32_BIT_CONVERSION = YES;
				GCC_WARN_ABOUT_RETURN_TYPE = YES_ERROR;
				GCC_WARN_UNDECLARED_SELECTOR = YES;
				GCC_WARN_UNINITIALIZED_AUTOS = YES_AGGRESSIVE;
				GCC_WARN_UNUSED_FUNCTION = YES;
				GCC_WARN_UNUSED_VARIABLE = YES;
				IPHONEOS_DEPLOYMENT_TARGET = 7.1;
				SDKROOT = iphoneos;
				VALIDATE_PRODUCT = YES;
			};
			name = Release;
		};
		87AC9692191CF98400C69813 /* Debug */ = {
			isa = XCBuildConfiguration;
			buildSettings = {
				ASSETCATALOG_COMPILER_APPICON_NAME = AppIcon;
				ASSETCATALOG_COMPILER_LAUNCHIMAGE_NAME = LaunchImage;
				CODE_SIGN_IDENTITY = "iPhone Developer";
				"CODE_SIGN_IDENTITY[sdk=iphoneos*]" = "iPhone Developer";
				GCC_PRECOMPILE_PREFIX_HEADER = YES;
				GCC_PREFIX_HEADER = "TripShot/TripShot-Prefix.pch";
				INFOPLIST_FILE = "TripShot/TripShot-Info.plist";
				PRODUCT_NAME = "$(TARGET_NAME)";
				PROVISIONING_PROFILE = "";
				WRAPPER_EXTENSION = app;
			};
			name = Debug;
		};
		87AC9693191CF98400C69813 /* Release */ = {
			isa = XCBuildConfiguration;
			buildSettings = {
				ASSETCATALOG_COMPILER_APPICON_NAME = AppIcon;
				ASSETCATALOG_COMPILER_LAUNCHIMAGE_NAME = LaunchImage;
				CODE_SIGN_IDENTITY = "iPhone Developer";
				"CODE_SIGN_IDENTITY[sdk=iphoneos*]" = "iPhone Developer";
				GCC_PRECOMPILE_PREFIX_HEADER = YES;
				GCC_PREFIX_HEADER = "TripShot/TripShot-Prefix.pch";
				INFOPLIST_FILE = "TripShot/TripShot-Info.plist";
				PRODUCT_NAME = "$(TARGET_NAME)";
				PROVISIONING_PROFILE = "";
				WRAPPER_EXTENSION = app;
			};
			name = Release;
		};
		87AC9695191CF98400C69813 /* Debug */ = {
			isa = XCBuildConfiguration;
			buildSettings = {
				BUNDLE_LOADER = "$(BUILT_PRODUCTS_DIR)/TripShot.app/TripShot";
				FRAMEWORK_SEARCH_PATHS = (
					"$(SDKROOT)/Developer/Library/Frameworks",
					"$(inherited)",
					"$(DEVELOPER_FRAMEWORKS_DIR)",
				);
				GCC_PRECOMPILE_PREFIX_HEADER = YES;
				GCC_PREFIX_HEADER = "TripShot/TripShot-Prefix.pch";
				GCC_PREPROCESSOR_DEFINITIONS = (
					"DEBUG=1",
					"$(inherited)",
				);
				INFOPLIST_FILE = "TripShotTests/TripShotTests-Info.plist";
				PRODUCT_NAME = "$(TARGET_NAME)";
				TEST_HOST = "$(BUNDLE_LOADER)";
				WRAPPER_EXTENSION = xctest;
			};
			name = Debug;
		};
		87AC9696191CF98400C69813 /* Release */ = {
			isa = XCBuildConfiguration;
			buildSettings = {
				BUNDLE_LOADER = "$(BUILT_PRODUCTS_DIR)/TripShot.app/TripShot";
				FRAMEWORK_SEARCH_PATHS = (
					"$(SDKROOT)/Developer/Library/Frameworks",
					"$(inherited)",
					"$(DEVELOPER_FRAMEWORKS_DIR)",
				);
				GCC_PRECOMPILE_PREFIX_HEADER = YES;
				GCC_PREFIX_HEADER = "TripShot/TripShot-Prefix.pch";
				INFOPLIST_FILE = "TripShotTests/TripShotTests-Info.plist";
				PRODUCT_NAME = "$(TARGET_NAME)";
				TEST_HOST = "$(BUNDLE_LOADER)";
				WRAPPER_EXTENSION = xctest;
			};
			name = Release;
		};
/* End XCBuildConfiguration section */

/* Begin XCConfigurationList section */
		87AC965A191CF98300C69813 /* Build configuration list for PBXProject "TripShot" */ = {
			isa = XCConfigurationList;
			buildConfigurations = (
				87AC968F191CF98400C69813 /* Debug */,
				87AC9690191CF98400C69813 /* Release */,
			);
			defaultConfigurationIsVisible = 0;
			defaultConfigurationName = Release;
		};
		87AC9691191CF98400C69813 /* Build configuration list for PBXNativeTarget "TripShot" */ = {
			isa = XCConfigurationList;
			buildConfigurations = (
				87AC9692191CF98400C69813 /* Debug */,
				87AC9693191CF98400C69813 /* Release */,
			);
			defaultConfigurationIsVisible = 0;
			defaultConfigurationName = Release;
		};
		87AC9694191CF98400C69813 /* Build configuration list for PBXNativeTarget "TripShotTests" */ = {
			isa = XCConfigurationList;
			buildConfigurations = (
				87AC9695191CF98400C69813 /* Debug */,
				87AC9696191CF98400C69813 /* Release */,
			);
			defaultConfigurationIsVisible = 0;
			defaultConfigurationName = Release;
		};
/* End XCConfigurationList section */
	};
	rootObject = 87AC9657191CF98300C69813 /* Project object */;
}
